
Microsoft Visual Studio Solution File, Format Version 12.00
# Visual Studio Version 17
VisualStudioVersion = 17.0.31912.275
MinimumVisualStudioVersion = 10.0.40219.1
Project("{9A19103F-16F7-4668-BE54-9A1E7A4F7556}") = "IoTGateway", "IoTGateway\IoTGateway.csproj", "{0DD66538-0458-4BDF-B185-7CFCCED6723F}"
EndProject
Project("{9A19103F-16F7-4668-BE54-9A1E7A4F7556}") = "IoTGatewayCore", "IoTGatewayCore\IoTGatewayCore.csproj", "{C187D441-171C-4611-9370-B6E375C355BD}"
EndProject
Global
	GlobalSection(SolutionConfigurationPlatforms) = preSolution
		Debug|Any CPU = Debug|Any CPU
		Release|Any CPU = Release|Any CPU
	EndGlobalSection
	GlobalSection(ProjectConfigurationPlatforms) = postSolution
		{0DD66538-0458-4BDF-B185-7CFCCED6723F}.Debug|Any CPU.ActiveCfg = Debug|Any CPU
		{0DD66538-0458-4BDF-B185-7CFCCED6723F}.Debug|Any CPU.Build.0 = Debug|Any CPU
		{0DD66538-0458-4BDF-B185-7CFCCED6723F}.Release|Any CPU.ActiveCfg = Release|Any CPU
		{0DD66538-0458-4BDF-B185-7CFCCED6723F}.Release|Any CPU.Build.0 = Release|Any CPU
		{C187D441-171C-4611-9370-B6E375C355BD}.Debug|Any CPU.ActiveCfg = Debug|Any CPU
		{C187D441-171C-4611-9370-B6E375C355BD}.Debug|Any CPU.Build.0 = Debug|Any CPU
		{C187D441-171C-4611-9370-B6E375C355BD}.Release|Any CPU.ActiveCfg = Release|Any CPU
		{C187D441-171C-4611-9370-B6E375C355BD}.Release|Any CPU.Build.0 = Release|Any CPU
	EndGlobalSection
	GlobalSection(SolutionProperties) = preSolution
		HideSolutionNode = FALSE
	EndGlobalSection
	GlobalSection(ExtensibilityGlobals) = postSolution
		SolutionGuid = {48E7413C-B911-4373-8E53-BA3DC5880DCB}
	EndGlobalSection
EndGlobal
